
Microsoft Visual Studio Solution File, Format Version 12.00
# Visual Studio 15
VisualStudioVersion = 15.0.28010.2019
MinimumVisualStudioVersion = 10.0.40219.1
Project("{2150E333-8FDC-42A3-9474-1A3956D46DE8}") = "ApiGateways", "ApiGateways", "{B554F901-3337-4B3B-BDF6-65CBD026EE48}"
EndProject
Project("{2150E333-8FDC-42A3-9474-1A3956D46DE8}") = "Services", "Services", "{B7F2620E-5916-4862-B18E-0AB615D42153}"
EndProject
Project("{2150E333-8FDC-42A3-9474-1A3956D46DE8}") = "BaseApiGateway", "BaseApiGateway", "{17A4438F-D3B8-4D8E-9CAC-D656A04FE316}"
EndProject
Project("{2150E333-8FDC-42A3-9474-1A3956D46DE8}") = "Mobile.Bff", "Mobile.Bff", "{069F3D2E-E04F-4DF6-9EDC-B39EDE00409A}"
	ProjectSection(SolutionItems) = preProject
		ApiGateways\Mobile.Bff\apigw\configuration.json = ApiGateways\Mobile.Bff\apigw\configuration.json
	EndProjectSection
EndProject
Project("{2150E333-8FDC-42A3-9474-1A3956D46DE8}") = "WebApi.Bff", "WebApi.Bff", "{AE16AFB2-3FAE-4D87-9FFA-18A36203EDA8}"
	ProjectSection(SolutionItems) = preProject
		ApiGateways\WebApi.Bff\apigw\configuration.json = ApiGateways\WebApi.Bff\apigw\configuration.json
	EndProjectSection
EndProject
Project("{2150E333-8FDC-42A3-9474-1A3956D46DE8}") = "Employee", "Employee", "{A441AFB0-E05B-43FD-8172-2C9D44647CA5}"
EndProject
Project("{2150E333-8FDC-42A3-9474-1A3956D46DE8}") = "Auth", "Auth", "{60BCE393-76E1-4066-BB10-17509743C24A}"
EndProject
Project("{2150E333-8FDC-42A3-9474-1A3956D46DE8}") = "Department", "Department", "{FEE0BD4D-8E61-43A6-85C2-87241A4AF6A0}"
EndProject
Project("{9A19103F-16F7-4668-BE54-9A1E7A4F7556}") = "Auth.API", "Services\Auth\Auth.API\Auth.API.csproj", "{F96A612E-6B90-47C4-AC0C-311B5650E087}"
EndProject
Project("{9A19103F-16F7-4668-BE54-9A1E7A4F7556}") = "Department.API", "Services\Department\Department.API\Department.API.csproj", "{9F13B60D-B619-4BBB-A4BA-5A0FC5421D41}"
EndProject
Project("{9A19103F-16F7-4668-BE54-9A1E7A4F7556}") = "Employee.API", "Services\Employee\Employee.API\Employee.API.csproj", "{EBCF7B99-A3E7-4499-8DE4-3083D51B5FE2}"
EndProject
Project("{9A19103F-16F7-4668-BE54-9A1E7A4F7556}") = "OcelotBaseAPIGateway", "ApiGateways\BaseApiGateway\OcelotBaseAPIGateway\OcelotBaseAPIGateway.csproj", "{1B07AB9D-75EC-4DDC-A5AD-3545A48DC072}"
EndProject
Project("{2150E333-8FDC-42A3-9474-1A3956D46DE8}") = "BuildingBlocks", "BuildingBlocks", "{467C32AB-01A4-44DB-A438-751D0A97E6A2}"
EndProject
Project("{9A19103F-16F7-4668-BE54-9A1E7A4F7556}") = "WebHost.Customization", "BuildingBlocks\WebHost.Customization\WebHost.Customization.csproj", "{EAEFD972-DB6F-4ADA-B7B2-C0B51E9F2894}"
EndProject
Project("{E53339B2-1760-4266-BCC7-CA923CBCF16C}") = "docker-compose", "docker-compose.dcproj", "{B3865BAA-EDC4-48A7-98D5-E8B49FE200DE}"
EndProject
Project("{2150E333-8FDC-42A3-9474-1A3956D46DE8}") = "Login.Bff", "Login.Bff", "{150DEB67-6334-481A-A0B0-743689F06E05}"
	ProjectSection(SolutionItems) = preProject
		ApiGateways\Login.Bff\apigw\configuration.json = ApiGateways\Login.Bff\apigw\configuration.json
	EndProjectSection
EndProject
Project("{FAE04EC0-301F-11D3-BF4B-00C04F79EFBC}") = "Mobile.HttpAggregator", "ApiGateways\Mobile.Bff\Mobile.HttpAggregator\Mobile.HttpAggregator.csproj", "{D3659FC3-241B-4F35-9006-F008DC4C4883}"
EndProject
Global
	GlobalSection(SolutionConfigurationPlatforms) = preSolution
		Debug|Any CPU = Debug|Any CPU
		Release|Any CPU = Release|Any CPU
	EndGlobalSection
	GlobalSection(ProjectConfigurationPlatforms) = postSolution
		{F96A612E-6B90-47C4-AC0C-311B5650E087}.Debug|Any CPU.ActiveCfg = Debug|Any CPU
		{F96A612E-6B90-47C4-AC0C-311B5650E087}.Debug|Any CPU.Build.0 = Debug|Any CPU
		{F96A612E-6B90-47C4-AC0C-311B5650E087}.Release|Any CPU.ActiveCfg = Release|Any CPU
		{F96A612E-6B90-47C4-AC0C-311B5650E087}.Release|Any CPU.Build.0 = Release|Any CPU
		{9F13B60D-B619-4BBB-A4BA-5A0FC5421D41}.Debug|Any CPU.ActiveCfg = Debug|Any CPU
		{9F13B60D-B619-4BBB-A4BA-5A0FC5421D41}.Debug|Any CPU.Build.0 = Debug|Any CPU
		{9F13B60D-B619-4BBB-A4BA-5A0FC5421D41}.Release|Any CPU.ActiveCfg = Release|Any CPU
		{9F13B60D-B619-4BBB-A4BA-5A0FC5421D41}.Release|Any CPU.Build.0 = Release|Any CPU
		{EBCF7B99-A3E7-4499-8DE4-3083D51B5FE2}.Debug|Any CPU.ActiveCfg = Debug|Any CPU
		{EBCF7B99-A3E7-4499-8DE4-3083D51B5FE2}.Debug|Any CPU.Build.0 = Debug|Any CPU
		{EBCF7B99-A3E7-4499-8DE4-3083D51B5FE2}.Release|Any CPU.ActiveCfg = Release|Any CPU
		{EBCF7B99-A3E7-4499-8DE4-3083D51B5FE2}.Release|Any CPU.Build.0 = Release|Any CPU
		{1B07AB9D-75EC-4DDC-A5AD-3545A48DC072}.Debug|Any CPU.ActiveCfg = Debug|Any CPU
		{1B07AB9D-75EC-4DDC-A5AD-3545A48DC072}.Debug|Any CPU.Build.0 = Debug|Any CPU
		{1B07AB9D-75EC-4DDC-A5AD-3545A48DC072}.Release|Any CPU.ActiveCfg = Release|Any CPU
		{1B07AB9D-75EC-4DDC-A5AD-3545A48DC072}.Release|Any CPU.Build.0 = Release|Any CPU
		{EAEFD972-DB6F-4ADA-B7B2-C0B51E9F2894}.Debug|Any CPU.ActiveCfg = Debug|Any CPU
		{EAEFD972-DB6F-4ADA-B7B2-C0B51E9F2894}.Debug|Any CPU.Build.0 = Debug|Any CPU
		{EAEFD972-DB6F-4ADA-B7B2-C0B51E9F2894}.Release|Any CPU.ActiveCfg = Release|Any CPU
		{EAEFD972-DB6F-4ADA-B7B2-C0B51E9F2894}.Release|Any CPU.Build.0 = Release|Any CPU
		{B3865BAA-EDC4-48A7-98D5-E8B49FE200DE}.Debug|Any CPU.ActiveCfg = Debug|Any CPU
		{B3865BAA-EDC4-48A7-98D5-E8B49FE200DE}.Debug|Any CPU.Build.0 = Debug|Any CPU
		{B3865BAA-EDC4-48A7-98D5-E8B49FE200DE}.Release|Any CPU.ActiveCfg = Release|Any CPU
		{B3865BAA-EDC4-48A7-98D5-E8B49FE200DE}.Release|Any CPU.Build.0 = Release|Any CPU
		{D3659FC3-241B-4F35-9006-F008DC4C4883}.Debug|Any CPU.ActiveCfg = Debug|Any CPU
		{D3659FC3-241B-4F35-9006-F008DC4C4883}.Debug|Any CPU.Build.0 = Debug|Any CPU
		{D3659FC3-241B-4F35-9006-F008DC4C4883}.Release|Any CPU.ActiveCfg = Release|Any CPU
		{D3659FC3-241B-4F35-9006-F008DC4C4883}.Release|Any CPU.Build.0 = Release|Any CPU
	EndGlobalSection
	GlobalSection(SolutionProperties) = preSolution
		HideSolutionNode = FALSE
	EndGlobalSection
	GlobalSection(NestedProjects) = preSolution
		{17A4438F-D3B8-4D8E-9CAC-D656A04FE316} = {B554F901-3337-4B3B-BDF6-65CBD026EE48}
		{069F3D2E-E04F-4DF6-9EDC-B39EDE00409A} = {B554F901-3337-4B3B-BDF6-65CBD026EE48}
		{AE16AFB2-3FAE-4D87-9FFA-18A36203EDA8} = {B554F901-3337-4B3B-BDF6-65CBD026EE48}
		{A441AFB0-E05B-43FD-8172-2C9D44647CA5} = {B7F2620E-5916-4862-B18E-0AB615D42153}
		{60BCE393-76E1-4066-BB10-17509743C24A} = {B7F2620E-5916-4862-B18E-0AB615D42153}
		{FEE0BD4D-8E61-43A6-85C2-87241A4AF6A0} = {B7F2620E-5916-4862-B18E-0AB615D42153}
		{F96A612E-6B90-47C4-AC0C-311B5650E087} = {60BCE393-76E1-4066-BB10-17509743C24A}
		{9F13B60D-B619-4BBB-A4BA-5A0FC5421D41} = {FEE0BD4D-8E61-43A6-85C2-87241A4AF6A0}
		{EBCF7B99-A3E7-4499-8DE4-3083D51B5FE2} = {A441AFB0-E05B-43FD-8172-2C9D44647CA5}
		{1B07AB9D-75EC-4DDC-A5AD-3545A48DC072} = {17A4438F-D3B8-4D8E-9CAC-D656A04FE316}
		{EAEFD972-DB6F-4ADA-B7B2-C0B51E9F2894} = {467C32AB-01A4-44DB-A438-751D0A97E6A2}
		{150DEB67-6334-481A-A0B0-743689F06E05} = {B554F901-3337-4B3B-BDF6-65CBD026EE48}
		{D3659FC3-241B-4F35-9006-F008DC4C4883} = {069F3D2E-E04F-4DF6-9EDC-B39EDE00409A}
	EndGlobalSection
	GlobalSection(ExtensibilityGlobals) = postSolution
		SolutionGuid = {52C0EFD9-B423-40F6-8AC7-27704E11268F}
	EndGlobalSection
EndGlobal
